// !$*UTF8*$!
{
	archiveVersion = 1;
	classes = {
	};
	objectVersion = 46;
	objects = {

/* Begin PBXBuildFile section */
		031A8D77193DB57D00F4A6D2 /* AppDelegate.swift in Sources */ = {isa = PBXBuildFile; fileRef = 031A8D76193DB57D00F4A6D2 /* AppDelegate.swift */; };
		031A8D79193DB57D00F4A6D2 /* ViewController.swift in Sources */ = {isa = PBXBuildFile; fileRef = 031A8D78193DB57D00F4A6D2 /* ViewController.swift */; };
		031A8D7C193DB57D00F4A6D2 /* Main.storyboard in Resources */ = {isa = PBXBuildFile; fileRef = 031A8D7A193DB57D00F4A6D2 /* Main.storyboard */; };
		031A8D7E193DB57D00F4A6D2 /* Images.xcassets in Resources */ = {isa = PBXBuildFile; fileRef = 031A8D7D193DB57D00F4A6D2 /* Images.xcassets */; };
		031A8D8A193DB57D00F4A6D2 /* SwiftExampleTests.swift in Sources */ = {isa = PBXBuildFile; fileRef = 031A8D89193DB57D00F4A6D2 /* SwiftExampleTests.swift */; };
		031A8D94193DCBE900F4A6D2 /* TableViewController.swift in Sources */ = {isa = PBXBuildFile; fileRef = 031A8D93193DCBE900F4A6D2 /* TableViewController.swift */; };
		031A8D9A193DDD4100F4A6D2 /* WebViewController.swift in Sources */ = {isa = PBXBuildFile; fileRef = 031A8D99193DDD4100F4A6D2 /* WebViewController.swift */; };
		0356839119498B730039E42D /* MapViewController.swift in Sources */ = {isa = PBXBuildFile; fileRef = 0356839019498B730039E42D /* MapViewController.swift */; };
		03B0EEB119595EF00048D16D /* CameraViewController.swift in Sources */ = {isa = PBXBuildFile; fileRef = 03B0EEB019595EF00048D16D /* CameraViewController.swift */; };
		03C94697195AC0C70055D2FC /* MobileCoreServices.framework in Frameworks */ = {isa = PBXBuildFile; fileRef = 03C94696195AC0C70055D2FC /* MobileCoreServices.framework */; };
/* End PBXBuildFile section */

/* Begin PBXContainerItemProxy section */
		031A8D84193DB57D00F4A6D2 /* PBXContainerItemProxy */ = {
			isa = PBXContainerItemProxy;
			containerPortal = 031A8D69193DB57D00F4A6D2 /* Project object */;
			proxyType = 1;
			remoteGlobalIDString = 031A8D70193DB57D00F4A6D2;
			remoteInfo = SwiftExample;
		};
/* End PBXContainerItemProxy section */

/* Begin PBXFileReference section */
		031A8D71193DB57D00F4A6D2 /* SwiftExample.app */ = {isa = PBXFileReference; explicitFileType = wrapper.application; includeInIndex = 0; path = SwiftExample.app; sourceTree = BUILT_PRODUCTS_DIR; };
		031A8D75193DB57D00F4A6D2 /* Info.plist */ = {isa = PBXFileReference; lastKnownFileType = text.plist.xml; path = Info.plist; sourceTree = "<group>"; };
		031A8D76193DB57D00F4A6D2 /* AppDelegate.swift */ = {isa = PBXFileReference; lastKnownFileType = sourcecode.swift; path = AppDelegate.swift; sourceTree = "<group>"; };
		031A8D78193DB57D00F4A6D2 /* ViewController.swift */ = {isa = PBXFileReference; lastKnownFileType = sourcecode.swift; path = ViewController.swift; sourceTree = "<group>"; };
		031A8D7B193DB57D00F4A6D2 /* Base */ = {isa = PBXFileReference; lastKnownFileType = file.storyboard; name = Base; path = Base.lproj/Main.storyboard; sourceTree = "<group>"; };
		031A8D7D193DB57D00F4A6D2 /* Images.xcassets */ = {isa = PBXFileReference; lastKnownFileType = folder.assetcatalog; path = Images.xcassets; sourceTree = "<group>"; };
		031A8D83193DB57D00F4A6D2 /* SwiftExampleTests.xctest */ = {isa = PBXFileReference; explicitFileType = wrapper.cfbundle; includeInIndex = 0; path = SwiftExampleTests.xctest; sourceTree = BUILT_PRODUCTS_DIR; };
		031A8D88193DB57D00F4A6D2 /* Info.plist */ = {isa = PBXFileReference; lastKnownFileType = text.plist.xml; path = Info.plist; sourceTree = "<group>"; };
		031A8D89193DB57D00F4A6D2 /* SwiftExampleTests.swift */ = {isa = PBXFileReference; lastKnownFileType = sourcecode.swift; path = SwiftExampleTests.swift; sourceTree = "<group>"; };
		031A8D93193DCBE900F4A6D2 /* TableViewController.swift */ = {isa = PBXFileReference; fileEncoding = 4; lastKnownFileType = sourcecode.swift; path = TableViewController.swift; sourceTree = "<group>"; };
		031A8D99193DDD4100F4A6D2 /* WebViewController.swift */ = {isa = PBXFileReference; fileEncoding = 4; lastKnownFileType = sourcecode.swift; path = WebViewController.swift; sourceTree = "<group>"; };
		0356839019498B730039E42D /* MapViewController.swift */ = {isa = PBXFileReference; fileEncoding = 4; lastKnownFileType = sourcecode.swift; path = MapViewController.swift; sourceTree = "<group>"; };
		03B0EEB019595EF00048D16D /* CameraViewController.swift */ = {isa = PBXFileReference; fileEncoding = 4; lastKnownFileType = sourcecode.swift; path = CameraViewController.swift; sourceTree = "<group>"; };
		03C94696195AC0C70055D2FC /* MobileCoreServices.framework */ = {isa = PBXFileReference; lastKnownFileType = wrapper.framework; name = MobileCoreServices.framework; path = System/Library/Frameworks/MobileCoreServices.framework; sourceTree = SDKROOT; };
/* End PBXFileReference section */

/* Begin PBXFrameworksBuildPhase section */
		031A8D6E193DB57D00F4A6D2 /* Frameworks */ = {
			isa = PBXFrameworksBuildPhase;
			buildActionMask = 2147483647;
			files = (
				03C94697195AC0C70055D2FC /* MobileCoreServices.framework in Frameworks */,
			);
			runOnlyForDeploymentPostprocessing = 0;
		};
		031A8D80193DB57D00F4A6D2 /* Frameworks */ = {
			isa = PBXFrameworksBuildPhase;
			buildActionMask = 2147483647;
			files = (
			);
			runOnlyForDeploymentPostprocessing = 0;
		};
/* End PBXFrameworksBuildPhase section */

/* Begin PBXGroup section */
		031A8D68193DB57D00F4A6D2 = {
			isa = PBXGroup;
			children = (
				03C94696195AC0C70055D2FC /* MobileCoreServices.framework */,
				031A8D73193DB57D00F4A6D2 /* SwiftExample */,
				031A8D86193DB57D00F4A6D2 /* SwiftExampleTests */,
				031A8D72193DB57D00F4A6D2 /* Products */,
			);
			sourceTree = "<group>";
		};
		031A8D72193DB57D00F4A6D2 /* Products */ = {
			isa = PBXGroup;
			children = (
				031A8D71193DB57D00F4A6D2 /* SwiftExample.app */,
				031A8D83193DB57D00F4A6D2 /* SwiftExampleTests.xctest */,
			);
			name = Products;
			sourceTree = "<group>";
		};
		031A8D73193DB57D00F4A6D2 /* SwiftExample */ = {
			isa = PBXGroup;
			children = (
				031A8D76193DB57D00F4A6D2 /* AppDelegate.swift */,
				031A8D78193DB57D00F4A6D2 /* ViewController.swift */,
				031A8D7A193DB57D00F4A6D2 /* Main.storyboard */,
				03B0EEB019595EF00048D16D /* CameraViewController.swift */,
				0356839019498B730039E42D /* MapViewController.swift */,
				031A8D99193DDD4100F4A6D2 /* WebViewController.swift */,
				031A8D93193DCBE900F4A6D2 /* TableViewController.swift */,
				031A8D7D193DB57D00F4A6D2 /* Images.xcassets */,
				031A8D74193DB57D00F4A6D2 /* Supporting Files */,
			);
			path = SwiftExample;
			sourceTree = "<group>";
		};
		031A8D74193DB57D00F4A6D2 /* Supporting Files */ = {
			isa = PBXGroup;
			children = (
				031A8D75193DB57D00F4A6D2 /* Info.plist */,
			);
			name = "Supporting Files";
			sourceTree = "<group>";
		};
		031A8D86193DB57D00F4A6D2 /* SwiftExampleTests */ = {
			isa = PBXGroup;
			children = (
				031A8D89193DB57D00F4A6D2 /* SwiftExampleTests.swift */,
				031A8D87193DB57D00F4A6D2 /* Supporting Files */,
			);
			path = SwiftExampleTests;
			sourceTree = "<group>";
		};
		031A8D87193DB57D00F4A6D2 /* Supporting Files */ = {
			isa = PBXGroup;
			children = (
				031A8D88193DB57D00F4A6D2 /* Info.plist */,
			);
			name = "Supporting Files";
			sourceTree = "<group>";
		};
/* End PBXGroup section */

/* Begin PBXNativeTarget section */
		031A8D70193DB57D00F4A6D2 /* SwiftExample */ = {
			isa = PBXNativeTarget;
			buildConfigurationList = 031A8D8D193DB57D00F4A6D2 /* Build configuration list for PBXNativeTarget "SwiftExample" */;
			buildPhases = (
				031A8D6D193DB57D00F4A6D2 /* Sources */,
				031A8D6E193DB57D00F4A6D2 /* Frameworks */,
				031A8D6F193DB57D00F4A6D2 /* Resources */,
			);
			buildRules = (
			);
			dependencies = (
			);
			name = SwiftExample;
			productName = SwiftExample;
			productReference = 031A8D71193DB57D00F4A6D2 /* SwiftExample.app */;
			productType = "com.apple.product-type.application";
		};
		031A8D82193DB57D00F4A6D2 /* SwiftExampleTests */ = {
			isa = PBXNativeTarget;
			buildConfigurationList = 031A8D90193DB57D00F4A6D2 /* Build configuration list for PBXNativeTarget "SwiftExampleTests" */;
			buildPhases = (
				031A8D7F193DB57D00F4A6D2 /* Sources */,
				031A8D80193DB57D00F4A6D2 /* Frameworks */,
				031A8D81193DB57D00F4A6D2 /* Resources */,
			);
			buildRules = (
			);
			dependencies = (
				031A8D85193DB57D00F4A6D2 /* PBXTargetDependency */,
			);
			name = SwiftExampleTests;
			productName = SwiftExampleTests;
			productReference = 031A8D83193DB57D00F4A6D2 /* SwiftExampleTests.xctest */;
			productType = "com.apple.product-type.bundle.unit-test";
		};
/* End PBXNativeTarget section */

/* Begin PBXProject section */
		031A8D69193DB57D00F4A6D2 /* Project object */ = {
			isa = PBXProject;
			attributes = {
				LastUpgradeCheck = 0600;
				ORGANIZATIONNAME = "Sachin Kesiraju";
				TargetAttributes = {
					031A8D70193DB57D00F4A6D2 = {
						CreatedOnToolsVersion = 6.0;
					};
					031A8D82193DB57D00F4A6D2 = {
						CreatedOnToolsVersion = 6.0;
						TestTargetID = 031A8D70193DB57D00F4A6D2;
					};
				};
			};
			buildConfigurationList = 031A8D6C193DB57D00F4A6D2 /* Build configuration list for PBXProject "SwiftExample" */;
			compatibilityVersion = "Xcode 3.2";
			developmentRegion = English;
			hasScannedForEncodings = 0;
			knownRegions = (
				en,
				Base,
			);
			mainGroup = 031A8D68193DB57D00F4A6D2;
			productRefGroup = 031A8D72193DB57D00F4A6D2 /* Products */;
			projectDirPath = "";
			projectRoot = "";
			targets = (
				031A8D70193DB57D00F4A6D2 /* SwiftExample */,
				031A8D82193DB57D00F4A6D2 /* SwiftExampleTests */,
			);
		};
/* End PBXProject section */

/* Begin PBXResourcesBuildPhase section */
		031A8D6F193DB57D00F4A6D2 /* Resources */ = {
			isa = PBXResourcesBuildPhase;
			buildActionMask = 2147483647;
			files = (
				031A8D7C193DB57D00F4A6D2 /* Main.storyboard in Resources */,
				031A8D7E193DB57D00F4A6D2 /* Images.xcassets in Resources */,
			);
			runOnlyForDeploymentPostprocessing = 0;
		};
		031A8D81193DB57D00F4A6D2 /* Resources */ = {
			isa = PBXResourcesBuildPhase;
			buildActionMask = 2147483647;
			files = (
			);
			runOnlyForDeploymentPostprocessing = 0;
		};
/* End PBXResourcesBuildPhase section */

/* Begin PBXSourcesBuildPhase section */
		031A8D6D193DB57D00F4A6D2 /* Sources */ = {
			isa = PBXSourcesBuildPhase;
			buildActionMask = 2147483647;
			files = (
				031A8D79193DB57D00F4A6D2 /* ViewController.swift in Sources */,
				031A8D94193DCBE900F4A6D2 /* TableViewController.swift in Sources */,
				031A8D77193DB57D00F4A6D2 /* AppDelegate.swift in Sources */,
				0356839119498B730039E42D /* MapViewController.swift in Sources */,
				031A8D9A193DDD4100F4A6D2 /* WebViewController.swift in Sources */,
				03B0EEB119595EF00048D16D /* CameraViewController.swift in Sources */,
			);
			runOnlyForDeploymentPostprocessing = 0;
		};
		031A8D7F193DB57D00F4A6D2 /* Sources */ = {
			isa = PBXSourcesBuildPhase;
			buildActionMask = 2147483647;
			files = (
				031A8D8A193DB57D00F4A6D2 /* SwiftExampleTests.swift in Sources */,
			);
			runOnlyForDeploymentPostprocessing = 0;
		};
/* End PBXSourcesBuildPhase section */

/* Begin PBXTargetDependency section */
		031A8D85193DB57D00F4A6D2 /* PBXTargetDependency */ = {
			isa = PBXTargetDependency;
			target = 031A8D70193DB57D00F4A6D2 /* SwiftExample */;
			targetProxy = 031A8D84193DB57D00F4A6D2 /* PBXContainerItemProxy */;
		};
/* End PBXTargetDependency section */

/* Begin PBXVariantGroup section */
		031A8D7A193DB57D00F4A6D2 /* Main.storyboard */ = {
			isa = PBXVariantGroup;
			children = (
				031A8D7B193DB57D00F4A6D2 /* Base */,
			);
			name = Main.storyboard;
			sourceTree = "<group>";
		};
/* End PBXVariantGroup section */

/* Begin XCBuildConfiguration section */
		031A8D8B193DB57D00F4A6D2 /* Debug */ = {
			isa = XCBuildConfiguration;
			buildSettings = {
				ALWAYS_SEARCH_USER_PATHS = NO;
				CLANG_CXX_LANGUAGE_STANDARD = "gnu++0x";
				CLANG_CXX_LIBRARY = "libc++";
				CLANG_ENABLE_MODULES = YES;
				CLANG_ENABLE_OBJC_ARC = YES;
				CLANG_WARN_BOOL_CONVERSION = YES;
				CLANG_WARN_CONSTANT_CONVERSION = YES;
				CLANG_WARN_DIRECT_OBJC_ISA_USAGE = YES_ERROR;
				CLANG_WARN_EMPTY_BODY = YES;
				CLANG_WARN_ENUM_CONVERSION = YES;
				CLANG_WARN_INT_CONVERSION = YES;
				CLANG_WARN_OBJC_ROOT_CLASS = YES_ERROR;
				CLANG_WARN_UNREACHABLE_CODE = YES;
				CLANG_WARN__DUPLICATE_METHOD_MATCH = YES;
				"CODE_SIGN_IDENTITY[sdk=iphoneos*]" = "iPhone Developer";
				COPY_PHASE_STRIP = NO;
				ENABLE_STRICT_OBJC_MSGSEND = YES;
				GCC_C_LANGUAGE_STANDARD = gnu99;
				GCC_DYNAMIC_NO_PIC = NO;
				GCC_OPTIMIZATION_LEVEL = 0;
				GCC_PREPROCESSOR_DEFINITIONS = (
					"DEBUG=1",
					"$(inherited)",
				);
				GCC_SYMBOLS_PRIVATE_EXTERN = NO;
				GCC_WARN_64_TO_32_BIT_CONVERSION = YES;
				GCC_WARN_ABOUT_RETURN_TYPE = YES_ERROR;
				GCC_WARN_UNDECLARED_SELECTOR = YES;
				GCC_WARN_UNINITIALIZED_AUTOS = YES_AGGRESSIVE;
				GCC_WARN_UNUSED_FUNCTION = YES;
				GCC_WARN_UNUSED_VARIABLE = YES;
				IPHONEOS_DEPLOYMENT_TARGET = 8.0;
				METAL_ENABLE_DEBUG_INFO = YES;
				ONLY_ACTIVE_ARCH = YES;
				SDKROOT = iphoneos;
				SWIFT_OPTIMIZATION_LEVEL = "-Onone";
			};
			name = Debug;
		};
		031A8D8C193DB57D00F4A6D2 /* Release */ = {
			isa = XCBuildConfiguration;
			buildSettings = {
				ALWAYS_SEARCH_USER_PATHS = NO;
				CLANG_CXX_LANGUAGE_STANDARD = "gnu++0x";
				CLANG_CXX_LIBRARY = "libc++";
				CLANG_ENABLE_MODULES = YES;
				CLANG_ENABLE_OBJC_ARC = YES;
				CLANG_WARN_BOOL_CONVERSION = YES;
				CLANG_WARN_CONSTANT_CONVERSION = YES;
				CLANG_WARN_DIRECT_OBJC_ISA_USAGE = YES_ERROR;
				CLANG_WARN_EMPTY_BODY = YES;
				CLANG_WARN_ENUM_CONVERSION = YES;
				CLANG_WARN_INT_CONVERSION = YES;
				CLANG_WARN_OBJC_ROOT_CLASS = YES_ERROR;
				CLANG_WARN_UNREACHABLE_CODE = YES;
				CLANG_WARN__DUPLICATE_METHOD_MATCH = YES;
				"CODE_SIGN_IDENTITY[sdk=iphoneos*]" = "iPhone Developer";
				COPY_PHASE_STRIP = YES;
				ENABLE_NS_ASSERTIONS = NO;
				ENABLE_STRICT_OBJC_MSGSEND = YES;
				GCC_C_LANGUAGE_STANDARD = gnu99;
				GCC_WARN_64_TO_32_BIT_CONVERSION = YES;
				GCC_WARN_ABOUT_RETURN_TYPE = YES_ERROR;
				GCC_WARN_UNDECLARED_SELECTOR = YES;
				GCC_WARN_UNINITIALIZED_AUTOS = YES_AGGRESSIVE;
				GCC_WARN_UNUSED_FUNCTION = YES;
				GCC_WARN_UNUSED_VARIABLE = YES;
				IPHONEOS_DEPLOYMENT_TARGET = 8.0;
				METAL_ENABLE_DEBUG_INFO = NO;
				SDKROOT = iphoneos;
				VALIDATE_PRODUCT = YES;
			};
			name = Release;
		};
		031A8D8E193DB57D00F4A6D2 /* Debug */ = {
			isa = XCBuildConfiguration;
			buildSettings = {
				ASSETCATALOG_COMPILER_APPICON_NAME = AppIcon;
				ASSETCATALOG_COMPILER_LAUNCHIMAGE_NAME = LaunchImage;
				INFOPLIST_FILE = SwiftExample/Info.plist;
				LD_RUNPATH_SEARCH_PATHS = "$(inherited) @executable_path/Frameworks";
				PRODUCT_NAME = "$(TARGET_NAME)";
			};
			name = Debug;
		};
		031A8D8F193DB57D00F4A6D2 /* Release */ = {
			isa = XCBuildConfiguration;
			buildSettings = {
				ASSETCATALOG_COMPILER_APPICON_NAME = AppIcon;
				ASSETCATALOG_COMPILER_LAUNCHIMAGE_NAME = LaunchImage;
				INFOPLIST_FILE = SwiftExample/Info.plist;
				LD_RUNPATH_SEARCH_PATHS = "$(inherited) @executable_path/Frameworks";
				PRODUCT_NAME = "$(TARGET_NAME)";
			};
			name = Release;
		};
		031A8D91193DB57D00F4A6D2 /* Debug */ = {
			isa = XCBuildConfiguration;
			buildSettings = {
				BUNDLE_LOADER = "$(BUILT_PRODUCTS_DIR)/SwiftExample.app/SwiftExample";
				FRAMEWORK_SEARCH_PATHS = (
					"$(SDKROOT)/Developer/Library/Frameworks",
					"$(inherited)",
				);
				GCC_PREPROCESSOR_DEFINITIONS = (
					"DEBUG=1",
					"$(inherited)",
				);
				INFOPLIST_FILE = SwiftExampleTests/Info.plist;
				LD_RUNPATH_SEARCH_PATHS = "$(inherited) @executable_path/Frameworks @loader_path/Frameworks";
				METAL_ENABLE_DEBUG_INFO = YES;
				PRODUCT_NAME = "$(TARGET_NAME)";
				TEST_HOST = "$(BUNDLE_LOADER)";
			};
			name = Debug;
		};
		031A8D92193DB57D00F4A6D2 /* Release */ = {
			isa = XCBuildConfiguration;
			buildSettings = {
				BUNDLE_LOADER = "$(BUILT_PRODUCTS_DIR)/SwiftExample.app/SwiftExample";
				FRAMEWORK_SEARCH_PATHS = (
					"$(SDKROOT)/Developer/Library/Frameworks",
					"$(inherited)",
				);
				INFOPLIST_FILE = SwiftExampleTests/Info.plist;
				LD_RUNPATH_SEARCH_PATHS = "$(inherited) @executable_path/Frameworks @loader_path/Frameworks";
				METAL_ENABLE_DEBUG_INFO = NO;
				PRODUCT_NAME = "$(TARGET_NAME)";
				TEST_HOST = "$(BUNDLE_LOADER)";
			};
			name = Release;
		};
/* End XCBuildConfiguration section */

/* Begin XCConfigurationList section */
		031A8D6C193DB57D00F4A6D2 /* Build configuration list for PBXProject "SwiftExample" */ = {
			isa = XCConfigurationList;
			buildConfigurations = (
				031A8D8B193DB57D00F4A6D2 /* Debug */,
				031A8D8C193DB57D00F4A6D2 /* Release */,
			);
			defaultConfigurationIsVisible = 0;
			defaultConfigurationName = Release;
		};
		031A8D8D193DB57D00F4A6D2 /* Build configuration list for PBXNativeTarget "SwiftExample" */ = {
			isa = XCConfigurationList;
			buildConfigurations = (
				031A8D8E193DB57D00F4A6D2 /* Debug */,
				031A8D8F193DB57D00F4A6D2 /* Release */,
			);
			defaultConfigurationIsVisible = 0;
			defaultConfigurationName = Release;
		};
		031A8D90193DB57D00F4A6D2 /* Build configuration list for PBXNativeTarget "SwiftExampleTests" */ = {
			isa = XCConfigurationList;
			buildConfigurations = (
				031A8D91193DB57D00F4A6D2 /* Debug */,
				031A8D92193DB57D00F4A6D2 /* Release */,
			);
			defaultConfigurationIsVisible = 0;
			defaultConfigurationName = Release;
		};
/* End XCConfigurationList section */
	};
	rootObject = 031A8D69193DB57D00F4A6D2 /* Project object */;
}
